
Microsoft Visual Studio Solution File, Format Version 12.00
# Visual Studio Version 17
VisualStudioVersion = 17.6.33829.357
MinimumVisualStudioVersion = 10.0.40219.1
Project("{9A19103F-16F7-4668-BE54-9A1E7A4F7556}") = "NetworkCore", "NetworkCore\NetworkCore.csproj", "{5B8A5782-3C44-42CB-A896-0F7D5876D56B}"
EndProject
Project("{9A19103F-16F7-4668-BE54-9A1E7A4F7556}") = "ServerApplication", "GameServer\ServerApplication.csproj", "{63E999F4-F083-459B-8361-98A77D3B088A}"
	ProjectSection(ProjectDependencies) = postProject
		{5B8A5782-3C44-42CB-A896-0F7D5876D56B} = {5B8A5782-3C44-42CB-A896-0F7D5876D56B}
	EndProjectSection
EndProject
Project("{9A19103F-16F7-4668-BE54-9A1E7A4F7556}") = "Client", "Client\Client.csproj", "{D7287AEB-1491-4BA1-A6FA-A1941C5E980F}"
EndProject
Project("{9A19103F-16F7-4668-BE54-9A1E7A4F7556}") = "PerformanceTests", "PerformanceTests\PerformanceTests.csproj", "{CC3703FE-A832-4649-9C14-97A39EAADE9D}"
EndProject
Global
	GlobalSection(SolutionConfigurationPlatforms) = preSolution
		Debug|Any CPU = Debug|Any CPU
		Debug|x64 = Debug|x64
		Debug|x86 = Debug|x86
		Release|Any CPU = Release|Any CPU
		Release|x64 = Release|x64
		Release|x86 = Release|x86
	EndGlobalSection
	GlobalSection(ProjectConfigurationPlatforms) = postSolution
		{5B8A5782-3C44-42CB-A896-0F7D5876D56B}.Debug|Any CPU.ActiveCfg = Debug|Any CPU
		{5B8A5782-3C44-42CB-A896-0F7D5876D56B}.Debug|Any CPU.Build.0 = Debug|Any CPU
		{5B8A5782-3C44-42CB-A896-0F7D5876D56B}.Debug|x64.ActiveCfg = Debug|Any CPU
		{5B8A5782-3C44-42CB-A896-0F7D5876D56B}.Debug|x64.Build.0 = Debug|Any CPU
		{5B8A5782-3C44-42CB-A896-0F7D5876D56B}.Debug|x86.ActiveCfg = Debug|Any CPU
		{5B8A5782-3C44-42CB-A896-0F7D5876D56B}.Debug|x86.Build.0 = Debug|Any CPU
		{5B8A5782-3C44-42CB-A896-0F7D5876D56B}.Release|Any CPU.ActiveCfg = Release|Any CPU
		{5B8A5782-3C44-42CB-A896-0F7D5876D56B}.Release|Any CPU.Build.0 = Release|Any CPU
		{5B8A5782-3C44-42CB-A896-0F7D5876D56B}.Release|x64.ActiveCfg = Release|Any CPU
		{5B8A5782-3C44-42CB-A896-0F7D5876D56B}.Release|x64.Build.0 = Release|Any CPU
		{5B8A5782-3C44-42CB-A896-0F7D5876D56B}.Release|x86.ActiveCfg = Release|Any CPU
		{5B8A5782-3C44-42CB-A896-0F7D5876D56B}.Release|x86.Build.0 = Release|Any CPU
		{63E999F4-F083-459B-8361-98A77D3B088A}.Debug|Any CPU.ActiveCfg = Debug|Any CPU
		{63E999F4-F083-459B-8361-98A77D3B088A}.Debug|Any CPU.Build.0 = Debug|Any CPU
		{63E999F4-F083-459B-8361-98A77D3B088A}.Debug|x64.ActiveCfg = Debug|Any CPU
		{63E999F4-F083-459B-8361-98A77D3B088A}.Debug|x64.Build.0 = Debug|Any CPU
		{63E999F4-F083-459B-8361-98A77D3B088A}.Debug|x86.ActiveCfg = Debug|Any CPU
		{63E999F4-F083-459B-8361-98A77D3B088A}.Debug|x86.Build.0 = Debug|Any CPU
		{63E999F4-F083-459B-8361-98A77D3B088A}.Release|Any CPU.ActiveCfg = Release|Any CPU
		{63E999F4-F083-459B-8361-98A77D3B088A}.Release|Any CPU.Build.0 = Release|Any CPU
		{63E999F4-F083-459B-8361-98A77D3B088A}.Release|x64.ActiveCfg = Release|Any CPU
		{63E999F4-F083-459B-8361-98A77D3B088A}.Release|x64.Build.0 = Release|Any CPU
		{63E999F4-F083-459B-8361-98A77D3B088A}.Release|x86.ActiveCfg = Release|Any CPU
		{63E999F4-F083-459B-8361-98A77D3B088A}.Release|x86.Build.0 = Release|Any CPU
		{D7287AEB-1491-4BA1-A6FA-A1941C5E980F}.Debug|Any CPU.ActiveCfg = Debug|Any CPU
		{D7287AEB-1491-4BA1-A6FA-A1941C5E980F}.Debug|Any CPU.Build.0 = Debug|Any CPU
		{D7287AEB-1491-4BA1-A6FA-A1941C5E980F}.Debug|x64.ActiveCfg = Debug|Any CPU
		{D7287AEB-1491-4BA1-A6FA-A1941C5E980F}.Debug|x64.Build.0 = Debug|Any CPU
		{D7287AEB-1491-4BA1-A6FA-A1941C5E980F}.Debug|x86.ActiveCfg = Debug|Any CPU
		{D7287AEB-1491-4BA1-A6FA-A1941C5E980F}.Debug|x86.Build.0 = Debug|Any CPU
		{D7287AEB-1491-4BA1-A6FA-A1941C5E980F}.Release|Any CPU.ActiveCfg = Release|Any CPU
		{D7287AEB-1491-4BA1-A6FA-A1941C5E980F}.Release|Any CPU.Build.0 = Release|Any CPU
		{D7287AEB-1491-4BA1-A6FA-A1941C5E980F}.Release|x64.ActiveCfg = Release|Any CPU
		{D7287AEB-1491-4BA1-A6FA-A1941C5E980F}.Release|x64.Build.0 = Release|Any CPU
		{D7287AEB-1491-4BA1-A6FA-A1941C5E980F}.Release|x86.ActiveCfg = Release|Any CPU
		{D7287AEB-1491-4BA1-A6FA-A1941C5E980F}.Release|x86.Build.0 = Release|Any CPU
		{CC3703FE-A832-4649-9C14-97A39EAADE9D}.Debug|Any CPU.ActiveCfg = Debug|Any CPU
		{CC3703FE-A832-4649-9C14-97A39EAADE9D}.Debug|Any CPU.Build.0 = Debug|Any CPU
		{CC3703FE-A832-4649-9C14-97A39EAADE9D}.Debug|x64.ActiveCfg = Debug|Any CPU
		{CC3703FE-A832-4649-9C14-97A39EAADE9D}.Debug|x64.Build.0 = Debug|Any CPU
		{CC3703FE-A832-4649-9C14-97A39EAADE9D}.Debug|x86.ActiveCfg = Debug|Any CPU
		{CC3703FE-A832-4649-9C14-97A39EAADE9D}.Debug|x86.Build.0 = Debug|Any CPU
		{CC3703FE-A832-4649-9C14-97A39EAADE9D}.Release|Any CPU.ActiveCfg = Release|Any CPU
		{CC3703FE-A832-4649-9C14-97A39EAADE9D}.Release|Any CPU.Build.0 = Release|Any CPU
		{CC3703FE-A832-4649-9C14-97A39EAADE9D}.Release|x64.ActiveCfg = Release|Any CPU
		{CC3703FE-A832-4649-9C14-97A39EAADE9D}.Release|x64.Build.0 = Release|Any CPU
		{CC3703FE-A832-4649-9C14-97A39EAADE9D}.Release|x86.ActiveCfg = Release|Any CPU
		{CC3703FE-A832-4649-9C14-97A39EAADE9D}.Release|x86.Build.0 = Release|Any CPU
	EndGlobalSection
	GlobalSection(SolutionProperties) = preSolution
		HideSolutionNode = FALSE
	EndGlobalSection
	GlobalSection(ExtensibilityGlobals) = postSolution
		SolutionGuid = {6972AF48-9F58-407C-99B9-9A3F89CA01C6}
	EndGlobalSection
EndGlobal
