
Microsoft Visual Studio Solution File, Format Version 12.00
# Visual Studio 15
Project("{FAE04EC0-301F-11D3-BF4B-00C04F79EFBC}") = "Assembly-CSharp", "Assembly-CSharp.csproj", "{C69E9108-6AC4-14F6-2692-3F3266D6CCE8}"
EndProject
Project("{FAE04EC0-301F-11D3-BF4B-00C04F79EFBC}") = "Assembly-CSharp-Editor", "Assembly-CSharp-Editor.csproj", "{A286F3E7-D3F4-EEFE-5BF6-A36B3EEFDEE5}"
EndProject
Global
	GlobalSection(SolutionConfigurationPlatforms) = preSolution
		Debug|Any CPU = Debug|Any CPU
		Release|Any CPU = Release|Any CPU
	EndGlobalSection
	GlobalSection(ProjectConfigurationPlatforms) = postSolution
		{C69E9108-6AC4-14F6-2692-3F3266D6CCE8}.Debug|Any CPU.ActiveCfg = Debug|Any CPU
		{C69E9108-6AC4-14F6-2692-3F3266D6CCE8}.Debug|Any CPU.Build.0 = Debug|Any CPU
		{C69E9108-6AC4-14F6-2692-3F3266D6CCE8}.Release|Any CPU.ActiveCfg = Release|Any CPU
		{C69E9108-6AC4-14F6-2692-3F3266D6CCE8}.Release|Any CPU.Build.0 = Release|Any CPU
		{A286F3E7-D3F4-EEFE-5BF6-A36B3EEFDEE5}.Debug|Any CPU.ActiveCfg = Debug|Any CPU
		{A286F3E7-D3F4-EEFE-5BF6-A36B3EEFDEE5}.Debug|Any CPU.Build.0 = Debug|Any CPU
		{A286F3E7-D3F4-EEFE-5BF6-A36B3EEFDEE5}.Release|Any CPU.ActiveCfg = Release|Any CPU
		{A286F3E7-D3F4-EEFE-5BF6-A36B3EEFDEE5}.Release|Any CPU.Build.0 = Release|Any CPU
	EndGlobalSection
	GlobalSection(SolutionProperties) = preSolution
		HideSolutionNode = FALSE
	EndGlobalSection
EndGlobal
