
Microsoft Visual Studio Solution File, Format Version 11.00
# Visual Studio 2010
Project("{FAE04EC0-301F-11D3-BF4B-00C04F79EFBC}") = "Assembly-CSharp", "Assembly-CSharp.csproj", "{08919ec6-c46a-f614-2692-3f3266d6cce8}"
EndProject
Project("{FAE04EC0-301F-11D3-BF4B-00C04F79EFBC}") = "Assembly-CSharp-Editor", "Assembly-CSharp-Editor.csproj", "{e7f386a2-f4d3-feee-5bf6-a36b3eefdee5}"
EndProject
Global
	GlobalSection(SolutionConfigurationPlatforms) = preSolution
		Debug|Any CPU = Debug|Any CPU
	EndGlobalSection
	GlobalSection(ProjectConfigurationPlatforms) = postSolution
		{08919ec6-c46a-f614-2692-3f3266d6cce8}.Debug|Any CPU.ActiveCfg = Debug|Any CPU
		{08919ec6-c46a-f614-2692-3f3266d6cce8}.Debug|Any CPU.Build.0 = Debug|Any CPU
		{e7f386a2-f4d3-feee-5bf6-a36b3eefdee5}.Debug|Any CPU.ActiveCfg = Debug|Any CPU
		{e7f386a2-f4d3-feee-5bf6-a36b3eefdee5}.Debug|Any CPU.Build.0 = Debug|Any CPU
	EndGlobalSection
	GlobalSection(SolutionProperties) = preSolution
		HideSolutionNode = FALSE
	EndGlobalSection
EndGlobal
